<?xml version="1.0" encoding="utf-8"?>
<Project ToolsVersion="4.0" xmlns="http://schemas.microsoft.com/developer/msbuild/2003">
  <ItemGroup>
    <Filter Include="Source Files">
      <UniqueIdentifier>{4FC737F1-C7A5-4376-A066-2A32D752A2FF}</UniqueIdentifier>
      <Extensions>cpp;c;cc;cxx;def;odl;idl;hpj;bat;asm;asmx</Extensions>
    </Filter>
    <Filter Include="Header Files">
      <UniqueIdentifier>{93995380-89BD-4b04-88EB-625FBE52EBFB}</UniqueIdentifier>
      <Extensions>h;hh;hpp;hxx;hm;inl;inc;xsd</Extensions>
    </Filter>
    <Filter Include="Resource Files">
      <UniqueIdentifier>{67DA6AB6-F800-4c08-8B7A-83BB121AAD01}</UniqueIdentifier>
      <Extensions>rc;ico;cur;bmp;dlg;rc2;rct;bin;rgs;gif;jpg;jpeg;jpe;resx;tiff;tif;png;wav;mfcribbon-ms</Extensions>
    </Filter>
  </ItemGroup>
  <ItemGroup>
    <Text Include="ReadMe.txt" />
  </ItemGroup>
  <ItemGroup>
    <ClInclude Include="stdafx.h">
      <Filter>Header Files</Filter>
    </ClInclude>
    <ClInclude Include="targetver.h">
      <Filter>Header Files</Filter>
    </ClInclude>
    <ClInclude Include="RogueLike\RogueLike.h">
      <Filter>Header Files</Filter>
    </ClInclude>
    <ClInclude Include="RogueLike\Variables.h">
      <Filter>Header Files</Filter>
    </ClInclude>
    <ClInclude Include="RogueLike\Controller\GameController.h">
      <Filter>Header Files</Filter>
    </ClInclude>
    <ClInclude Include="RogueLike\Controller\ViewController.h">
      <Filter>Header Files</Filter>
    </ClInclude>
    <ClInclude Include="RogueLike\Model\Game.h">
      <Filter>Header Files</Filter>
    </ClInclude>
    <ClInclude Include="RogueLike\Model\Level.h">
      <Filter>Header Files</Filter>
    </ClInclude>
    <ClInclude Include="RogueLike\Model\LevelManager.h">
      <Filter>Header Files</Filter>
    </ClInclude>
    <ClInclude Include="RogueLike\Model\Player.h">
      <Filter>Header Files</Filter>
    </ClInclude>
    <ClInclude Include="RogueLike\Model\Item.h">
      <Filter>Header Files</Filter>
    </ClInclude>
    <ClInclude Include="RogueLike\Model\Enemy.h">
      <Filter>Header Files</Filter>
    </ClInclude>
    <ClInclude Include="RogueLike\Model\Enum\EnemyType.h">
      <Filter>Header Files</Filter>
    </ClInclude>
    <ClInclude Include="RogueLike\Model\Room\Room.h">
      <Filter>Header Files</Filter>
    </ClInclude>
    <ClInclude Include="RogueLike\Model\Room\Nothing.h">
      <Filter>Header Files</Filter>
    </ClInclude>
    <ClInclude Include="RogueLike\Model\Room\IRoom.h">
      <Filter>Header Files</Filter>
    </ClInclude>
    <ClInclude Include="RogueLike\Model\Room\BossRoom.h">
      <Filter>Header Files</Filter>
    </ClInclude>
    <ClInclude Include="RogueLike\Model\Room\StairsRoom.h">
      <Filter>Header Files</Filter>
    </ClInclude>
    <ClInclude Include="RogueLike\Model\Room\StartRoom.h">
      <Filter>Header Files</Filter>
    </ClInclude>
    <ClInclude Include="RogueLike\View\InputView.h">
      <Filter>Header Files</Filter>
    </ClInclude>
    <ClInclude Include="RogueLike\View\OutputView.h">
      <Filter>Header Files</Filter>
    </ClInclude>
    <ClInclude Include="RogueLike\Common.h">
      <Filter>Header Files</Filter>
    </ClInclude>
    <ClInclude Include="RogueLike\Utils\Random.h">
      <Filter>Header Files</Filter>
    </ClInclude>
  </ItemGroup>
  <ItemGroup>
    <ClCompile Include="stdafx.cpp">
      <Filter>Source Files</Filter>
    </ClCompile>
    <ClCompile Include="main.cpp">
      <Filter>Source Files</Filter>
    </ClCompile>
    <ClCompile Include="RogueLike\Model\Level.cpp">
      <Filter>Source Files</Filter>
    </ClCompile>
  </ItemGroup>
</Project>